
Microsoft Visual Studio Solution File, Format Version 12.00
# Visual Studio Version 17
VisualStudioVersion = 17.0.32014.148
MinimumVisualStudioVersion = 10.0.40219.1
Project("{9A19103F-16F7-4668-BE54-9A1E7A4F7556}") = "DEMO", "DEMO\DEMO.csproj", "{338DCC1B-D45A-4A19-BFAB-E4FCE0AF7841}"
EndProject
Project("{9A19103F-16F7-4668-BE54-9A1E7A4F7556}") = "01. Ages", "Basic Syntax\01. Ages.csproj", "{01DDF769-F373-44D1-B02C-0FA985DC6D59}"
EndProject
Project("{9A19103F-16F7-4668-BE54-9A1E7A4F7556}") = "02. Division", "02. Division\02. Division.csproj", "{2FE27324-A0E1-4F3D-AB91-8966170306EE}"
EndProject
Project("{9A19103F-16F7-4668-BE54-9A1E7A4F7556}") = "03. Vacation", "03. Vacation\03. Vacation.csproj", "{CAFB9538-DC22-43C0-9E82-E93AA268A6D2}"
EndProject
Project("{9A19103F-16F7-4668-BE54-9A1E7A4F7556}") = "04. Print", "04. Print\04. Print.csproj", "{F1D0B82F-7E53-4503-AEFF-12991D147AED}"
EndProject
Project("{9A19103F-16F7-4668-BE54-9A1E7A4F7556}") = "05. Login", "05. Login\05. Login.csproj", "{ED6806A2-3821-499C-8CBC-77FF10DA9772}"
EndProject
Project("{FAE04EC0-301F-11D3-BF4B-00C04F79EFBC}") = "06. S", "06. S\06. S.csproj", "{7EC3685C-EED0-4191-9717-6A5856326DDE}"
EndProject
Project("{FAE04EC0-301F-11D3-BF4B-00C04F79EFBC}") = "07. Vendi", "07. Vendi\07. Vendi.csproj", "{6A4DCE33-8CA1-4A1D-8B46-E22C3383C33E}"
EndProject
Project("{FAE04EC0-301F-11D3-BF4B-00C04F79EFBC}") = "08. Trian", "08. Trian\08. Trian.csproj", "{3A859855-2AB9-48FC-965A-CBBD6FE59F10}"
EndProject
Project("{FAE04EC0-301F-11D3-BF4B-00C04F79EFBC}") = "09. Padaw", "09. Padaw\09. Padaw.csproj", "{8D28E631-7628-4373-9910-D75B57091C8C}"
EndProject
Global
	GlobalSection(SolutionConfigurationPlatforms) = preSolution
		Debug|Any CPU = Debug|Any CPU
		Release|Any CPU = Release|Any CPU
	EndGlobalSection
	GlobalSection(ProjectConfigurationPlatforms) = postSolution
		{338DCC1B-D45A-4A19-BFAB-E4FCE0AF7841}.Debug|Any CPU.ActiveCfg = Debug|Any CPU
		{338DCC1B-D45A-4A19-BFAB-E4FCE0AF7841}.Debug|Any CPU.Build.0 = Debug|Any CPU
		{338DCC1B-D45A-4A19-BFAB-E4FCE0AF7841}.Release|Any CPU.ActiveCfg = Release|Any CPU
		{338DCC1B-D45A-4A19-BFAB-E4FCE0AF7841}.Release|Any CPU.Build.0 = Release|Any CPU
		{01DDF769-F373-44D1-B02C-0FA985DC6D59}.Debug|Any CPU.ActiveCfg = Debug|Any CPU
		{01DDF769-F373-44D1-B02C-0FA985DC6D59}.Debug|Any CPU.Build.0 = Debug|Any CPU
		{01DDF769-F373-44D1-B02C-0FA985DC6D59}.Release|Any CPU.ActiveCfg = Release|Any CPU
		{01DDF769-F373-44D1-B02C-0FA985DC6D59}.Release|Any CPU.Build.0 = Release|Any CPU
		{2FE27324-A0E1-4F3D-AB91-8966170306EE}.Debug|Any CPU.ActiveCfg = Debug|Any CPU
		{2FE27324-A0E1-4F3D-AB91-8966170306EE}.Debug|Any CPU.Build.0 = Debug|Any CPU
		{2FE27324-A0E1-4F3D-AB91-8966170306EE}.Release|Any CPU.ActiveCfg = Release|Any CPU
		{2FE27324-A0E1-4F3D-AB91-8966170306EE}.Release|Any CPU.Build.0 = Release|Any CPU
		{CAFB9538-DC22-43C0-9E82-E93AA268A6D2}.Debug|Any CPU.ActiveCfg = Debug|Any CPU
		{CAFB9538-DC22-43C0-9E82-E93AA268A6D2}.Debug|Any CPU.Build.0 = Debug|Any CPU
		{CAFB9538-DC22-43C0-9E82-E93AA268A6D2}.Release|Any CPU.ActiveCfg = Release|Any CPU
		{CAFB9538-DC22-43C0-9E82-E93AA268A6D2}.Release|Any CPU.Build.0 = Release|Any CPU
		{F1D0B82F-7E53-4503-AEFF-12991D147AED}.Debug|Any CPU.ActiveCfg = Debug|Any CPU
		{F1D0B82F-7E53-4503-AEFF-12991D147AED}.Debug|Any CPU.Build.0 = Debug|Any CPU
		{F1D0B82F-7E53-4503-AEFF-12991D147AED}.Release|Any CPU.ActiveCfg = Release|Any CPU
		{F1D0B82F-7E53-4503-AEFF-12991D147AED}.Release|Any CPU.Build.0 = Release|Any CPU
		{ED6806A2-3821-499C-8CBC-77FF10DA9772}.Debug|Any CPU.ActiveCfg = Debug|Any CPU
		{ED6806A2-3821-499C-8CBC-77FF10DA9772}.Debug|Any CPU.Build.0 = Debug|Any CPU
		{ED6806A2-3821-499C-8CBC-77FF10DA9772}.Release|Any CPU.ActiveCfg = Release|Any CPU
		{ED6806A2-3821-499C-8CBC-77FF10DA9772}.Release|Any CPU.Build.0 = Release|Any CPU
		{7EC3685C-EED0-4191-9717-6A5856326DDE}.Debug|Any CPU.ActiveCfg = Debug|Any CPU
		{7EC3685C-EED0-4191-9717-6A5856326DDE}.Debug|Any CPU.Build.0 = Debug|Any CPU
		{7EC3685C-EED0-4191-9717-6A5856326DDE}.Release|Any CPU.ActiveCfg = Release|Any CPU
		{7EC3685C-EED0-4191-9717-6A5856326DDE}.Release|Any CPU.Build.0 = Release|Any CPU
		{6A4DCE33-8CA1-4A1D-8B46-E22C3383C33E}.Debug|Any CPU.ActiveCfg = Debug|Any CPU
		{6A4DCE33-8CA1-4A1D-8B46-E22C3383C33E}.Debug|Any CPU.Build.0 = Debug|Any CPU
		{6A4DCE33-8CA1-4A1D-8B46-E22C3383C33E}.Release|Any CPU.ActiveCfg = Release|Any CPU
		{6A4DCE33-8CA1-4A1D-8B46-E22C3383C33E}.Release|Any CPU.Build.0 = Release|Any CPU
		{3A859855-2AB9-48FC-965A-CBBD6FE59F10}.Debug|Any CPU.ActiveCfg = Debug|Any CPU
		{3A859855-2AB9-48FC-965A-CBBD6FE59F10}.Debug|Any CPU.Build.0 = Debug|Any CPU
		{3A859855-2AB9-48FC-965A-CBBD6FE59F10}.Release|Any CPU.ActiveCfg = Release|Any CPU
		{3A859855-2AB9-48FC-965A-CBBD6FE59F10}.Release|Any CPU.Build.0 = Release|Any CPU
		{8D28E631-7628-4373-9910-D75B57091C8C}.Debug|Any CPU.ActiveCfg = Debug|Any CPU
		{8D28E631-7628-4373-9910-D75B57091C8C}.Debug|Any CPU.Build.0 = Debug|Any CPU
		{8D28E631-7628-4373-9910-D75B57091C8C}.Release|Any CPU.ActiveCfg = Release|Any CPU
		{8D28E631-7628-4373-9910-D75B57091C8C}.Release|Any CPU.Build.0 = Release|Any CPU
	EndGlobalSection
	GlobalSection(SolutionProperties) = preSolution
		HideSolutionNode = FALSE
	EndGlobalSection
	GlobalSection(ExtensibilityGlobals) = postSolution
		SolutionGuid = {83675E44-1951-44B7-93F1-B119BE5EAD8D}
	EndGlobalSection
EndGlobal
