
Microsoft Visual Studio Solution File, Format Version 12.00
# Visual Studio Version 17
VisualStudioVersion = 17.1.32414.318
MinimumVisualStudioVersion = 10.0.40219.1
Project("{FAE04EC0-301F-11D3-BF4B-00C04F79EFBC}") = "01. Company Roster", "01. Company Roster\01. Company Roster.csproj", "{AF857F04-7A07-4553-A5FC-799C42E28E7E}"
EndProject
Project("{FAE04EC0-301F-11D3-BF4B-00C04F79EFBC}") = "02. Oldest Family Member", "02. Oldest Family Member\02. Oldest Family Member.csproj", "{37E04979-F1DD-406E-ABDA-C8AC6244A783}"
EndProject
Project("{FAE04EC0-301F-11D3-BF4B-00C04F79EFBC}") = "03. Speed Racing", "03. Speed Racing\03. Speed Racing.csproj", "{5FF4326F-118D-4230-A871-0EDEC3EC1A80}"
EndProject
Project("{FAE04EC0-301F-11D3-BF4B-00C04F79EFBC}") = "04. Raw Data", "04. Raw Data\04. Raw Data.csproj", "{BB07E282-ECA0-49A4-9297-7BC9787159A8}"
EndProject
Project("{FAE04EC0-301F-11D3-BF4B-00C04F79EFBC}") = "05. Shopping Spree", "05. Shopping Spree\05. Shopping Spree.csproj", "{81EE76FC-08CE-4AAF-BCC8-0B07704DCC24}"
EndProject
Global
	GlobalSection(SolutionConfigurationPlatforms) = preSolution
		Debug|Any CPU = Debug|Any CPU
		Release|Any CPU = Release|Any CPU
	EndGlobalSection
	GlobalSection(ProjectConfigurationPlatforms) = postSolution
		{AF857F04-7A07-4553-A5FC-799C42E28E7E}.Debug|Any CPU.ActiveCfg = Debug|Any CPU
		{AF857F04-7A07-4553-A5FC-799C42E28E7E}.Debug|Any CPU.Build.0 = Debug|Any CPU
		{AF857F04-7A07-4553-A5FC-799C42E28E7E}.Release|Any CPU.ActiveCfg = Release|Any CPU
		{AF857F04-7A07-4553-A5FC-799C42E28E7E}.Release|Any CPU.Build.0 = Release|Any CPU
		{37E04979-F1DD-406E-ABDA-C8AC6244A783}.Debug|Any CPU.ActiveCfg = Debug|Any CPU
		{37E04979-F1DD-406E-ABDA-C8AC6244A783}.Debug|Any CPU.Build.0 = Debug|Any CPU
		{37E04979-F1DD-406E-ABDA-C8AC6244A783}.Release|Any CPU.ActiveCfg = Release|Any CPU
		{37E04979-F1DD-406E-ABDA-C8AC6244A783}.Release|Any CPU.Build.0 = Release|Any CPU
		{5FF4326F-118D-4230-A871-0EDEC3EC1A80}.Debug|Any CPU.ActiveCfg = Debug|Any CPU
		{5FF4326F-118D-4230-A871-0EDEC3EC1A80}.Debug|Any CPU.Build.0 = Debug|Any CPU
		{5FF4326F-118D-4230-A871-0EDEC3EC1A80}.Release|Any CPU.ActiveCfg = Release|Any CPU
		{5FF4326F-118D-4230-A871-0EDEC3EC1A80}.Release|Any CPU.Build.0 = Release|Any CPU
		{BB07E282-ECA0-49A4-9297-7BC9787159A8}.Debug|Any CPU.ActiveCfg = Debug|Any CPU
		{BB07E282-ECA0-49A4-9297-7BC9787159A8}.Debug|Any CPU.Build.0 = Debug|Any CPU
		{BB07E282-ECA0-49A4-9297-7BC9787159A8}.Release|Any CPU.ActiveCfg = Release|Any CPU
		{BB07E282-ECA0-49A4-9297-7BC9787159A8}.Release|Any CPU.Build.0 = Release|Any CPU
		{81EE76FC-08CE-4AAF-BCC8-0B07704DCC24}.Debug|Any CPU.ActiveCfg = Debug|Any CPU
		{81EE76FC-08CE-4AAF-BCC8-0B07704DCC24}.Debug|Any CPU.Build.0 = Debug|Any CPU
		{81EE76FC-08CE-4AAF-BCC8-0B07704DCC24}.Release|Any CPU.ActiveCfg = Release|Any CPU
		{81EE76FC-08CE-4AAF-BCC8-0B07704DCC24}.Release|Any CPU.Build.0 = Release|Any CPU
	EndGlobalSection
	GlobalSection(SolutionProperties) = preSolution
		HideSolutionNode = FALSE
	EndGlobalSection
	GlobalSection(ExtensibilityGlobals) = postSolution
		SolutionGuid = {515133D3-CE97-4E00-8E2B-21E29CFCA09C}
	EndGlobalSection
EndGlobal
